PODS:
  - Flutter (1.0.0)
  - fluttertoast (0.0.2):
    - Flutter
  - permission_handler_apple (9.3.0):
    - Flutter
  - printing (1.0.0):
    - Flutter
  - simple_barcode_scanner (0.1.7):
    - Flutter

DEPENDENCIES:
  - Flutter (from `Flutter`)
  - fluttertoast (from `.symlinks/plugins/fluttertoast/ios`)
  - permission_handler_apple (from `.symlinks/plugins/permission_handler_apple/ios`)
  - printing (from `.symlinks/plugins/printing/ios`)
  - simple_barcode_scanner (from `.symlinks/plugins/simple_barcode_scanner/ios`)

EXTERNAL SOURCES:
  Flutter:
    :path: Flutter
  fluttertoast:
    :path: ".symlinks/plugins/fluttertoast/ios"
  permission_handler_apple:
    :path: ".symlinks/plugins/permission_handler_apple/ios"
  printing:
    :path: ".symlinks/plugins/printing/ios"
  simple_barcode_scanner:
    :path: ".symlinks/plugins/simple_barcode_scanner/ios"

SPEC CHECKSUMS:
  Flutter: cabc95a1d2626b1b06e7179b784ebcf0c0cde467
  fluttertoast: 21eecd6935e7064cc1fcb733a4c5a428f3f24f0f
  permission_handler_apple: 9878588469a2b0d0fc1e048d9f43605f92e6cec2
  printing: 233e1b73bd1f4a05615548e9b5a324c98588640b
  simple_barcode_scanner: bb2603ae5228a007bd066e9f955911858ae55755

PODFILE CHECKSUM: 2d0ac64bef352843ad6db6b4080228a1a7d16f11

COCOAPODS: 1.16.2
